
Microsoft Visual Studio Solution File, Format Version 12.00
# Visual Studio Version 16
VisualStudioVersion = 16.0.31205.134
MinimumVisualStudioVersion = 10.0.40219.1
Project("{F2A71F9B-5D33-465A-A702-920D77279786}") = "Analisis.Datos", "Analisis.Datos\Analisis.Datos.fsproj", "{B55B9267-0104-4D02-92F3-4AD7AC2AB000}"
EndProject
Project("{F2A71F9B-5D33-465A-A702-920D77279786}") = "Analisis.Entidades", "Analisis.Entidades\Analisis.Entidades.fsproj", "{71F90077-1222-4E3C-8EAE-6F6F419F4A5F}"
EndProject
Project("{FAE04EC0-301F-11D3-BF4B-00C04F79EFBC}") = "Analisis.Web", "Analisis.Web\Analisis.Web.csproj", "{6BF16D4D-9959-4F13-A94B-F8A592EAD6F4}"
EndProject
Global
	GlobalSection(SolutionConfigurationPlatforms) = preSolution
		Debug|Any CPU = Debug|Any CPU
		Release|Any CPU = Release|Any CPU
	EndGlobalSection
	GlobalSection(ProjectConfigurationPlatforms) = postSolution
		{B55B9267-0104-4D02-92F3-4AD7AC2AB000}.Debug|Any CPU.ActiveCfg = Debug|Any CPU
		{B55B9267-0104-4D02-92F3-4AD7AC2AB000}.Debug|Any CPU.Build.0 = Debug|Any CPU
		{B55B9267-0104-4D02-92F3-4AD7AC2AB000}.Release|Any CPU.ActiveCfg = Release|Any CPU
		{B55B9267-0104-4D02-92F3-4AD7AC2AB000}.Release|Any CPU.Build.0 = Release|Any CPU
		{71F90077-1222-4E3C-8EAE-6F6F419F4A5F}.Debug|Any CPU.ActiveCfg = Debug|Any CPU
		{71F90077-1222-4E3C-8EAE-6F6F419F4A5F}.Debug|Any CPU.Build.0 = Debug|Any CPU
		{71F90077-1222-4E3C-8EAE-6F6F419F4A5F}.Release|Any CPU.ActiveCfg = Release|Any CPU
		{71F90077-1222-4E3C-8EAE-6F6F419F4A5F}.Release|Any CPU.Build.0 = Release|Any CPU
		{6BF16D4D-9959-4F13-A94B-F8A592EAD6F4}.Debug|Any CPU.ActiveCfg = Debug|Any CPU
		{6BF16D4D-9959-4F13-A94B-F8A592EAD6F4}.Debug|Any CPU.Build.0 = Debug|Any CPU
		{6BF16D4D-9959-4F13-A94B-F8A592EAD6F4}.Release|Any CPU.ActiveCfg = Release|Any CPU
		{6BF16D4D-9959-4F13-A94B-F8A592EAD6F4}.Release|Any CPU.Build.0 = Release|Any CPU
	EndGlobalSection
	GlobalSection(SolutionProperties) = preSolution
		HideSolutionNode = FALSE
	EndGlobalSection
	GlobalSection(ExtensibilityGlobals) = postSolution
		SolutionGuid = {F2EC9494-9AB4-4C95-891E-44F974628C15}
	EndGlobalSection
EndGlobal
